
Microsoft Visual Studio Solution File, Format Version 12.00
# Visual Studio Version 16
VisualStudioVersion = 16.0.31702.278
MinimumVisualStudioVersion = 10.0.40219.1
Project("{FAE04EC0-301F-11D3-BF4B-00C04F79EFBC}") = "CSVHelperandJSON", "CSVHelperandJSON\CSVHelperandJSON.csproj", "{0DA17CF9-34B9-4F20-A4CB-DC5525289AD4}"
EndProject
Global
	GlobalSection(SolutionConfigurationPlatforms) = preSolution
		Debug|Any CPU = Debug|Any CPU
		Release|Any CPU = Release|Any CPU
	EndGlobalSection
	GlobalSection(ProjectConfigurationPlatforms) = postSolution
		{0DA17CF9-34B9-4F20-A4CB-DC5525289AD4}.Debug|Any CPU.ActiveCfg = Debug|Any CPU
		{0DA17CF9-34B9-4F20-A4CB-DC5525289AD4}.Debug|Any CPU.Build.0 = Debug|Any CPU
		{0DA17CF9-34B9-4F20-A4CB-DC5525289AD4}.Release|Any CPU.ActiveCfg = Release|Any CPU
		{0DA17CF9-34B9-4F20-A4CB-DC5525289AD4}.Release|Any CPU.Build.0 = Release|Any CPU
	EndGlobalSection
	GlobalSection(SolutionProperties) = preSolution
		HideSolutionNode = FALSE
	EndGlobalSection
	GlobalSection(ExtensibilityGlobals) = postSolution
		SolutionGuid = {89D0FAFF-D143-411B-994E-8922638A0D27}
	EndGlobalSection
EndGlobal
